// !$*UTF8*$!
{
	archiveVersion = 1;
	classes = {
	};
	objectVersion = 46;
	objects = {

/* Begin PBXBuildFile section */
		84753EDF1B4CE00000F8C610 /* cognalys.h in CopyFiles */ = {isa = PBXBuildFile; fileRef = 84753EDE1B4CE00000F8C610 /* cognalys.h */; };
		84753EE11B4CE00000F8C610 /* cognalys.m in Sources */ = {isa = PBXBuildFile; fileRef = 84753EE01B4CE00000F8C610 /* cognalys.m */; };
		84753EE71B4CE00000F8C610 /* libcognalys.a in Frameworks */ = {isa = PBXBuildFile; fileRef = 84753EDB1B4CDFFF00F8C610 /* libcognalys.a */; };
/* End PBXBuildFile section */

/* Begin PBXContainerItemProxy section */
		84753EE81B4CE00000F8C610 /* PBXContainerItemProxy */ = {
			isa = PBXContainerItemProxy;
			containerPortal = 84753ED31B4CDFFF00F8C610 /* Project object */;
			proxyType = 1;
			remoteGlobalIDString = 84753EDA1B4CDFFF00F8C610;
			remoteInfo = cognalys;
		};
/* End PBXContainerItemProxy section */

/* Begin PBXCopyFilesBuildPhase section */
		84753ED91B4CDFFF00F8C610 /* CopyFiles */ = {
			isa = PBXCopyFilesBuildPhase;
			buildActionMask = 2147483647;
			dstPath = "include/$(PRODUCT_NAME)";
			dstSubfolderSpec = 16;
			files = (
				84753EDF1B4CE00000F8C610 /* cognalys.h in CopyFiles */,
			);
			runOnlyForDeploymentPostprocessing = 0;
		};
/* End PBXCopyFilesBuildPhase section */

/* Begin PBXFileReference section */
		84753EDB1B4CDFFF00F8C610 /* libcognalys.a */ = {isa = PBXFileReference; explicitFileType = archive.ar; includeInIndex = 0; path = libcognalys.a; sourceTree = BUILT_PRODUCTS_DIR; };
		84753EDE1B4CE00000F8C610 /* cognalys.h */ = {isa = PBXFileReference; lastKnownFileType = sourcecode.c.h; path = cognalys.h; sourceTree = "<group>"; };
		84753EE01B4CE00000F8C610 /* cognalys.m */ = {isa = PBXFileReference; lastKnownFileType = sourcecode.c.objc; path = cognalys.m; sourceTree = "<group>"; };
		84753EE61B4CE00000F8C610 /* cognalysTests.xctest */ = {isa = PBXFileReference; explicitFileType = wrapper.cfbundle; includeInIndex = 0; path = cognalysTests.xctest; sourceTree = BUILT_PRODUCTS_DIR; };
		84753EEC1B4CE00000F8C610 /* Info.plist */ = {isa = PBXFileReference; lastKnownFileType = text.plist.xml; path = Info.plist; sourceTree = "<group>"; };
/* End PBXFileReference section */

/* Begin PBXFrameworksBuildPhase section */
		84753ED81B4CDFFF00F8C610 /* Frameworks */ = {
			isa = PBXFrameworksBuildPhase;
			buildActionMask = 2147483647;
			files = (
			);
			runOnlyForDeploymentPostprocessing = 0;
		};
		84753EE31B4CE00000F8C610 /* Frameworks */ = {
			isa = PBXFrameworksBuildPhase;
			buildActionMask = 2147483647;
			files = (
				84753EE71B4CE00000F8C610 /* libcognalys.a in Frameworks */,
			);
			runOnlyForDeploymentPostprocessing = 0;
		};
/* End PBXFrameworksBuildPhase section */

/* Begin PBXGroup section */
		84753ED21B4CDFFF00F8C610 = {
			isa = PBXGroup;
			children = (
				84753EDD1B4CE00000F8C610 /* cognalys */,
				84753EEA1B4CE00000F8C610 /* cognalysTests */,
				84753EDC1B4CDFFF00F8C610 /* Products */,
			);
			sourceTree = "<group>";
		};
		84753EDC1B4CDFFF00F8C610 /* Products */ = {
			isa = PBXGroup;
			children = (
				84753EDB1B4CDFFF00F8C610 /* libcognalys.a */,
				84753EE61B4CE00000F8C610 /* cognalysTests.xctest */,
			);
			name = Products;
			sourceTree = "<group>";
		};
		84753EDD1B4CE00000F8C610 /* cognalys */ = {
			isa = PBXGroup;
			children = (
				84753EDE1B4CE00000F8C610 /* cognalys.h */,
				84753EE01B4CE00000F8C610 /* cognalys.m */,
			);
			path = cognalys;
			sourceTree = "<group>";
		};
		84753EEA1B4CE00000F8C610 /* cognalysTests */ = {
			isa = PBXGroup;
			children = (
				84753EEB1B4CE00000F8C610 /* Supporting Files */,
			);
			path = cognalysTests;
			sourceTree = "<group>";
		};
		84753EEB1B4CE00000F8C610 /* Supporting Files */ = {
			isa = PBXGroup;
			children = (
				84753EEC1B4CE00000F8C610 /* Info.plist */,
			);
			name = "Supporting Files";
			sourceTree = "<group>";
		};
/* End PBXGroup section */

/* Begin PBXNativeTarget section */
		84753EDA1B4CDFFF00F8C610 /* cognalys */ = {
			isa = PBXNativeTarget;
			buildConfigurationList = 84753EEF1B4CE00000F8C610 /* Build configuration list for PBXNativeTarget "cognalys" */;
			buildPhases = (
				84753ED71B4CDFFF00F8C610 /* Sources */,
				84753ED81B4CDFFF00F8C610 /* Frameworks */,
				84753ED91B4CDFFF00F8C610 /* CopyFiles */,
			);
			buildRules = (
			);
			dependencies = (
			);
			name = cognalys;
			productName = cognalys;
			productReference = 84753EDB1B4CDFFF00F8C610 /* libcognalys.a */;
			productType = "com.apple.product-type.library.static";
		};
		84753EE51B4CE00000F8C610 /* cognalysTests */ = {
			isa = PBXNativeTarget;
			buildConfigurationList = 84753EF21B4CE00000F8C610 /* Build configuration list for PBXNativeTarget "cognalysTests" */;
			buildPhases = (
				84753EE21B4CE00000F8C610 /* Sources */,
				84753EE31B4CE00000F8C610 /* Frameworks */,
				84753EE41B4CE00000F8C610 /* Resources */,
			);
			buildRules = (
			);
			dependencies = (
				84753EE91B4CE00000F8C610 /* PBXTargetDependency */,
			);
			name = cognalysTests;
			productName = cognalysTests;
			productReference = 84753EE61B4CE00000F8C610 /* cognalysTests.xctest */;
			productType = "com.apple.product-type.bundle.unit-test";
		};
/* End PBXNativeTarget section */

/* Begin PBXProject section */
		84753ED31B4CDFFF00F8C610 /* Project object */ = {
			isa = PBXProject;
			attributes = {
				LastUpgradeCheck = 0630;
				ORGANIZATIONNAME = "Mfluid Mobile Apps Pvt. Ltd.";
				TargetAttributes = {
					84753EDA1B4CDFFF00F8C610 = {
						CreatedOnToolsVersion = 6.3.2;
					};
					84753EE51B4CE00000F8C610 = {
						CreatedOnToolsVersion = 6.3.2;
					};
				};
			};
			buildConfigurationList = 84753ED61B4CDFFF00F8C610 /* Build configuration list for PBXProject "cognalys" */;
			compatibilityVersion = "Xcode 3.2";
			developmentRegion = English;
			hasScannedForEncodings = 0;
			knownRegions = (
				en,
			);
			mainGroup = 84753ED21B4CDFFF00F8C610;
			productRefGroup = 84753EDC1B4CDFFF00F8C610 /* Products */;
			projectDirPath = "";
			projectRoot = "";
			targets = (
				84753EDA1B4CDFFF00F8C610 /* cognalys */,
				84753EE51B4CE00000F8C610 /* cognalysTests */,
			);
		};
/* End PBXProject section */

/* Begin PBXResourcesBuildPhase section */
		84753EE41B4CE00000F8C610 /* Resources */ = {
			isa = PBXResourcesBuildPhase;
			buildActionMask = 2147483647;
			files = (
			);
			runOnlyForDeploymentPostprocessing = 0;
		};
/* End PBXResourcesBuildPhase section */

/* Begin PBXSourcesBuildPhase section */
		84753ED71B4CDFFF00F8C610 /* Sources */ = {
			isa = PBXSourcesBuildPhase;
			buildActionMask = 2147483647;
			files = (
				84753EE11B4CE00000F8C610 /* cognalys.m in Sources */,
			);
			runOnlyForDeploymentPostprocessing = 0;
		};
		84753EE21B4CE00000F8C610 /* Sources */ = {
			isa = PBXSourcesBuildPhase;
			buildActionMask = 2147483647;
			files = (
			);
			runOnlyForDeploymentPostprocessing = 0;
		};
/* End PBXSourcesBuildPhase section */

/* Begin PBXTargetDependency section */
		84753EE91B4CE00000F8C610 /* PBXTargetDependency */ = {
			isa = PBXTargetDependency;
			target = 84753EDA1B4CDFFF00F8C610 /* cognalys */;
			targetProxy = 84753EE81B4CE00000F8C610 /* PBXContainerItemProxy */;
		};
/* End PBXTargetDependency section */

/* Begin XCBuildConfiguration section */
		84753EED1B4CE00000F8C610 /* Debug */ = {
			isa = XCBuildConfiguration;
			buildSettings = {
				ALWAYS_SEARCH_USER_PATHS = NO;
				CLANG_CXX_LANGUAGE_STANDARD = "gnu++0x";
				CLANG_CXX_LIBRARY = "libc++";
				CLANG_ENABLE_MODULES = YES;
				CLANG_ENABLE_OBJC_ARC = YES;
				CLANG_WARN_BOOL_CONVERSION = YES;
				CLANG_WARN_CONSTANT_CONVERSION = YES;
				CLANG_WARN_DIRECT_OBJC_ISA_USAGE = YES_ERROR;
				CLANG_WARN_EMPTY_BODY = YES;
				CLANG_WARN_ENUM_CONVERSION = YES;
				CLANG_WARN_INT_CONVERSION = YES;
				CLANG_WARN_OBJC_ROOT_CLASS = YES_ERROR;
				CLANG_WARN_UNREACHABLE_CODE = YES;
				CLANG_WARN__DUPLICATE_METHOD_MATCH = YES;
				COPY_PHASE_STRIP = NO;
				DEBUG_INFORMATION_FORMAT = "dwarf-with-dsym";
				ENABLE_STRICT_OBJC_MSGSEND = YES;
				GCC_C_LANGUAGE_STANDARD = gnu99;
				GCC_DYNAMIC_NO_PIC = NO;
				GCC_NO_COMMON_BLOCKS = YES;
				GCC_OPTIMIZATION_LEVEL = 0;
				GCC_PREPROCESSOR_DEFINITIONS = (
					"DEBUG=1",
					"$(inherited)",
				);
				GCC_SYMBOLS_PRIVATE_EXTERN = NO;
				GCC_WARN_64_TO_32_BIT_CONVERSION = YES;
				GCC_WARN_ABOUT_RETURN_TYPE = YES_ERROR;
				GCC_WARN_UNDECLARED_SELECTOR = YES;
				GCC_WARN_UNINITIALIZED_AUTOS = YES_AGGRESSIVE;
				GCC_WARN_UNUSED_FUNCTION = YES;
				GCC_WARN_UNUSED_VARIABLE = YES;
				IPHONEOS_DEPLOYMENT_TARGET = 8.3;
				MTL_ENABLE_DEBUG_INFO = YES;
				ONLY_ACTIVE_ARCH = YES;
				SDKROOT = iphoneos;
			};
			name = Debug;
		};
		84753EEE1B4CE00000F8C610 /* Release */ = {
			isa = XCBuildConfiguration;
			buildSettings = {
				ALWAYS_SEARCH_USER_PATHS = NO;
				CLANG_CXX_LANGUAGE_STANDARD = "gnu++0x";
				CLANG_CXX_LIBRARY = "libc++";
				CLANG_ENABLE_MODULES = YES;
				CLANG_ENABLE_OBJC_ARC = YES;
				CLANG_WARN_BOOL_CONVERSION = YES;
				CLANG_WARN_CONSTANT_CONVERSION = YES;
				CLANG_WARN_DIRECT_OBJC_ISA_USAGE = YES_ERROR;
				CLANG_WARN_EMPTY_BODY = YES;
				CLANG_WARN_ENUM_CONVERSION = YES;
				CLANG_WARN_INT_CONVERSION = YES;
				CLANG_WARN_OBJC_ROOT_CLASS = YES_ERROR;
				CLANG_WARN_UNREACHABLE_CODE = YES;
				CLANG_WARN__DUPLICATE_METHOD_MATCH = YES;
				COPY_PHASE_STRIP = NO;
				DEBUG_INFORMATION_FORMAT = "dwarf-with-dsym";
				ENABLE_NS_ASSERTIONS = NO;
				ENABLE_STRICT_OBJC_MSGSEND = YES;
				GCC_C_LANGUAGE_STANDARD = gnu99;
				GCC_NO_COMMON_BLOCKS = YES;
				GCC_WARN_64_TO_32_BIT_CONVERSION = YES;
				GCC_WARN_ABOUT_RETURN_TYPE = YES_ERROR;
				GCC_WARN_UNDECLARED_SELECTOR = YES;
				GCC_WARN_UNINITIALIZED_AUTOS = YES_AGGRESSIVE;
				GCC_WARN_UNUSED_FUNCTION = YES;
				GCC_WARN_UNUSED_VARIABLE = YES;
				IPHONEOS_DEPLOYMENT_TARGET = 8.3;
				MTL_ENABLE_DEBUG_INFO = NO;
				SDKROOT = iphoneos;
				VALIDATE_PRODUCT = YES;
			};
			name = Release;
		};
		84753EF01B4CE00000F8C610 /* Debug */ = {
			isa = XCBuildConfiguration;
			buildSettings = {
				OTHER_LDFLAGS = "-ObjC";
				PRODUCT_NAME = "$(TARGET_NAME)";
				SKIP_INSTALL = YES;
			};
			name = Debug;
		};
		84753EF11B4CE00000F8C610 /* Release */ = {
			isa = XCBuildConfiguration;
			buildSettings = {
				OTHER_LDFLAGS = "-ObjC";
				PRODUCT_NAME = "$(TARGET_NAME)";
				SKIP_INSTALL = YES;
			};
			name = Release;
		};
		84753EF31B4CE00000F8C610 /* Debug */ = {
			isa = XCBuildConfiguration;
			buildSettings = {
				"CODE_SIGN_IDENTITY[sdk=iphoneos*]" = "iPhone Developer";
				FRAMEWORK_SEARCH_PATHS = (
					"$(SDKROOT)/Developer/Library/Frameworks",
					"$(inherited)",
				);
				GCC_PREPROCESSOR_DEFINITIONS = (
					"DEBUG=1",
					"$(inherited)",
				);
				INFOPLIST_FILE = cognalysTests/Info.plist;
				LD_RUNPATH_SEARCH_PATHS = "$(inherited) @executable_path/Frameworks @loader_path/Frameworks";
				PRODUCT_NAME = "$(TARGET_NAME)";
			};
			name = Debug;
		};
		84753EF41B4CE00000F8C610 /* Release */ = {
			isa = XCBuildConfiguration;
			buildSettings = {
				"CODE_SIGN_IDENTITY[sdk=iphoneos*]" = "iPhone Developer";
				FRAMEWORK_SEARCH_PATHS = (
					"$(SDKROOT)/Developer/Library/Frameworks",
					"$(inherited)",
				);
				INFOPLIST_FILE = cognalysTests/Info.plist;
				LD_RUNPATH_SEARCH_PATHS = "$(inherited) @executable_path/Frameworks @loader_path/Frameworks";
				PRODUCT_NAME = "$(TARGET_NAME)";
			};
			name = Release;
		};
/* End XCBuildConfiguration section */

/* Begin XCConfigurationList section */
		84753ED61B4CDFFF00F8C610 /* Build configuration list for PBXProject "cognalys" */ = {
			isa = XCConfigurationList;
			buildConfigurations = (
				84753EED1B4CE00000F8C610 /* Debug */,
				84753EEE1B4CE00000F8C610 /* Release */,
			);
			defaultConfigurationIsVisible = 0;
			defaultConfigurationName = Release;
		};
		84753EEF1B4CE00000F8C610 /* Build configuration list for PBXNativeTarget "cognalys" */ = {
			isa = XCConfigurationList;
			buildConfigurations = (
				84753EF01B4CE00000F8C610 /* Debug */,
				84753EF11B4CE00000F8C610 /* Release */,
			);
			defaultConfigurationIsVisible = 0;
		};
		84753EF21B4CE00000F8C610 /* Build configuration list for PBXNativeTarget "cognalysTests" */ = {
			isa = XCConfigurationList;
			buildConfigurations = (
				84753EF31B4CE00000F8C610 /* Debug */,
				84753EF41B4CE00000F8C610 /* Release */,
			);
			defaultConfigurationIsVisible = 0;
		};
/* End XCConfigurationList section */
	};
	rootObject = 84753ED31B4CDFFF00F8C610 /* Project object */;
}
